{
  "name": "@instantstudio/mcp-files",
  "version": "0.1.0",
  "lockfileVersion": 3,
  "requires": true,
  "packages": {
    "": {
      "name": "@instantstudio/mcp-files",
      "version": "0.1.0",
      "license": "MIT",
      "bin": {
        "instantstudio-files": "src/index.js"
      },
      "engines": {
        "node": ">=18"
      }
    }
  }
}
